
Microsoft Visual Studio Solution File, Format Version 12.00
# Visual Studio 2017
Project("{FAE04EC0-301F-11D3-BF4B-00C04F79EFBC}") = "Quizz", "Quizz.csproj", "{912E377A-DC3B-534C-E5AE-EB7B9DB0096E}"
EndProject
Project("{FAE04EC0-301F-11D3-BF4B-00C04F79EFBC}") = "WebServiceQuizz", "..\WebServiceQuizz\WebServiceQuizz.csproj", "{F6ED87B2-B6EE-4B74-8742-E5002E76D29E}"
EndProject
Global
	GlobalSection(SolutionConfigurationPlatforms) = preSolution
		Debug|Any CPU = Debug|Any CPU
		Release|Any CPU = Release|Any CPU
	EndGlobalSection
	GlobalSection(ProjectConfigurationPlatforms) = postSolution
		{912E377A-DC3B-534C-E5AE-EB7B9DB0096E}.Debug|Any CPU.ActiveCfg = Debug|Any CPU
		{912E377A-DC3B-534C-E5AE-EB7B9DB0096E}.Debug|Any CPU.Build.0 = Debug|Any CPU
		{912E377A-DC3B-534C-E5AE-EB7B9DB0096E}.Release|Any CPU.ActiveCfg = Release|Any CPU
		{912E377A-DC3B-534C-E5AE-EB7B9DB0096E}.Release|Any CPU.Build.0 = Release|Any CPU
		{F6ED87B2-B6EE-4B74-8742-E5002E76D29E}.Debug|Any CPU.ActiveCfg = Debug|Any CPU
		{F6ED87B2-B6EE-4B74-8742-E5002E76D29E}.Debug|Any CPU.Build.0 = Debug|Any CPU
		{F6ED87B2-B6EE-4B74-8742-E5002E76D29E}.Release|Any CPU.ActiveCfg = Release|Any CPU
		{F6ED87B2-B6EE-4B74-8742-E5002E76D29E}.Release|Any CPU.Build.0 = Release|Any CPU
	EndGlobalSection
	GlobalSection(SolutionProperties) = preSolution
		HideSolutionNode = FALSE
	EndGlobalSection
EndGlobal
