
Microsoft Visual Studio Solution File, Format Version 12.00
# Visual Studio 15
Project("{FAE04EC0-301F-11D3-BF4B-00C04F79EFBC}") = "Assembly-CSharp", "Assembly-CSharp.csproj", "{C17FC964-7622-257A-D6C5-B2D67049FA8B}"
EndProject
Project("{FAE04EC0-301F-11D3-BF4B-00C04F79EFBC}") = "WebServiceQuizz", "..\WebServiceQuizz\WebServiceQuizz.csproj", "{F6ED87B2-B6EE-4B74-8742-E5002E76D29E}"
EndProject
Global
	GlobalSection(SolutionConfigurationPlatforms) = preSolution
		Debug|Any CPU = Debug|Any CPU
		Release|Any CPU = Release|Any CPU
	EndGlobalSection
	GlobalSection(ProjectConfigurationPlatforms) = postSolution
		{C17FC964-7622-257A-D6C5-B2D67049FA8B}.Debug|Any CPU.ActiveCfg = Debug|Any CPU
		{C17FC964-7622-257A-D6C5-B2D67049FA8B}.Debug|Any CPU.Build.0 = Debug|Any CPU
		{C17FC964-7622-257A-D6C5-B2D67049FA8B}.Release|Any CPU.ActiveCfg = Release|Any CPU
		{C17FC964-7622-257A-D6C5-B2D67049FA8B}.Release|Any CPU.Build.0 = Release|Any CPU
		{F6ED87B2-B6EE-4B74-8742-E5002E76D29E}.Debug|Any CPU.ActiveCfg = Debug|Any CPU
		{F6ED87B2-B6EE-4B74-8742-E5002E76D29E}.Debug|Any CPU.Build.0 = Debug|Any CPU
		{F6ED87B2-B6EE-4B74-8742-E5002E76D29E}.Release|Any CPU.ActiveCfg = Release|Any CPU
		{F6ED87B2-B6EE-4B74-8742-E5002E76D29E}.Release|Any CPU.Build.0 = Release|Any CPU
	EndGlobalSection
	GlobalSection(SolutionProperties) = preSolution
		HideSolutionNode = FALSE
	EndGlobalSection
EndGlobal
